
Microsoft Visual Studio Solution File, Format Version 12.00
# Visual Studio 15
VisualStudioVersion = 15.0.28307.1585
MinimumVisualStudioVersion = 10.0.40219.1
Project("{FAE04EC0-301F-11D3-BF4B-00C04F79EFBC}") = "JokesApplication", "JokesApplication\JokesApplication.csproj", "{B4C89A05-A6C3-4263-A647-B15FA871AB3A}"
EndProject
Global
	GlobalSection(SolutionConfigurationPlatforms) = preSolution
		Debug|Any CPU = Debug|Any CPU
		Release|Any CPU = Release|Any CPU
	EndGlobalSection
	GlobalSection(ProjectConfigurationPlatforms) = postSolution
		{B4C89A05-A6C3-4263-A647-B15FA871AB3A}.Debug|Any CPU.ActiveCfg = Debug|Any CPU
		{B4C89A05-A6C3-4263-A647-B15FA871AB3A}.Debug|Any CPU.Build.0 = Debug|Any CPU
		{B4C89A05-A6C3-4263-A647-B15FA871AB3A}.Release|Any CPU.ActiveCfg = Release|Any CPU
		{B4C89A05-A6C3-4263-A647-B15FA871AB3A}.Release|Any CPU.Build.0 = Release|Any CPU
	EndGlobalSection
	GlobalSection(SolutionProperties) = preSolution
		HideSolutionNode = FALSE
	EndGlobalSection
	GlobalSection(ExtensibilityGlobals) = postSolution
		SolutionGuid = {3E7CC697-A644-45FC-ADB7-7EB4D5FC5755}
	EndGlobalSection
EndGlobal
